
Microsoft Visual Studio Solution File, Format Version 12.00
# Visual Studio Version 16
VisualStudioVersion = 16.0.30413.136
MinimumVisualStudioVersion = 10.0.40219.1
Project("{FAE04EC0-301F-11D3-BF4B-00C04F79EFBC}") = "ForumIO", "ForumIO\ForumIO.csproj", "{B747A785-E434-45AD-840F-16B7D936A71F}"
EndProject
Project("{FAE04EC0-301F-11D3-BF4B-00C04F79EFBC}") = "Library", "Library\Library.csproj", "{8474B28A-8F3D-4ECB-9AC9-2E3D238A695B}"
EndProject
Global
	GlobalSection(SolutionConfigurationPlatforms) = preSolution
		Debug|Any CPU = Debug|Any CPU
		Release|Any CPU = Release|Any CPU
	EndGlobalSection
	GlobalSection(ProjectConfigurationPlatforms) = postSolution
		{B747A785-E434-45AD-840F-16B7D936A71F}.Debug|Any CPU.ActiveCfg = Debug|Any CPU
		{B747A785-E434-45AD-840F-16B7D936A71F}.Debug|Any CPU.Build.0 = Debug|Any CPU
		{B747A785-E434-45AD-840F-16B7D936A71F}.Release|Any CPU.ActiveCfg = Release|Any CPU
		{B747A785-E434-45AD-840F-16B7D936A71F}.Release|Any CPU.Build.0 = Release|Any CPU
		{8474B28A-8F3D-4ECB-9AC9-2E3D238A695B}.Debug|Any CPU.ActiveCfg = Debug|Any CPU
		{8474B28A-8F3D-4ECB-9AC9-2E3D238A695B}.Debug|Any CPU.Build.0 = Debug|Any CPU
		{8474B28A-8F3D-4ECB-9AC9-2E3D238A695B}.Release|Any CPU.ActiveCfg = Release|Any CPU
		{8474B28A-8F3D-4ECB-9AC9-2E3D238A695B}.Release|Any CPU.Build.0 = Release|Any CPU
	EndGlobalSection
	GlobalSection(SolutionProperties) = preSolution
		HideSolutionNode = FALSE
	EndGlobalSection
	GlobalSection(ExtensibilityGlobals) = postSolution
		SolutionGuid = {8986DD79-3C5A-4BEC-A3C2-F3BFD91929C9}
	EndGlobalSection
EndGlobal
